
Microsoft Visual Studio Solution File, Format Version 12.00
# Visual Studio 15
VisualStudioVersion = 15.0.28307.168
MinimumVisualStudioVersion = 10.0.40219.1
Project("{9A19103F-16F7-4668-BE54-9A1E7A4F7556}") = "LearningSignalR", "LearningSignalR\LearningSignalR.csproj", "{9ED1D0FD-B8E0-47FC-AFE4-0DCC8801AA5E}"
EndProject
Project("{FAE04EC0-301F-11D3-BF4B-00C04F79EFBC}") = "SignalRClient", "SignalRClient\SignalRClient.csproj", "{7F82E143-5CAD-4A8A-8AFB-D2350061C8FC}"
EndProject
Project("{FAE04EC0-301F-11D3-BF4B-00C04F79EFBC}") = "WebSocketsClient", "WebSocketsClient\WebSocketsClient.csproj", "{F6CB5232-7A82-4111-9946-C5E0D493311A}"
EndProject
Project("{FAE04EC0-301F-11D3-BF4B-00C04F79EFBC}") = "SignalRHubs", "SignalRHubs\SignalRHubs.csproj", "{810071BF-8521-404A-9619-5D09C13AF847}"
EndProject
Project("{FAE04EC0-301F-11D3-BF4B-00C04F79EFBC}") = "LearningSignalR2", "LearningSignalR2\LearningSignalR2.csproj", "{76F4467D-F091-4EC1-A06D-9EFBD1E2C333}"
EndProject
Global
	GlobalSection(SolutionConfigurationPlatforms) = preSolution
		Debug|Any CPU = Debug|Any CPU
		Release|Any CPU = Release|Any CPU
	EndGlobalSection
	GlobalSection(ProjectConfigurationPlatforms) = postSolution
		{9ED1D0FD-B8E0-47FC-AFE4-0DCC8801AA5E}.Debug|Any CPU.ActiveCfg = Debug|Any CPU
		{9ED1D0FD-B8E0-47FC-AFE4-0DCC8801AA5E}.Debug|Any CPU.Build.0 = Debug|Any CPU
		{9ED1D0FD-B8E0-47FC-AFE4-0DCC8801AA5E}.Release|Any CPU.ActiveCfg = Release|Any CPU
		{9ED1D0FD-B8E0-47FC-AFE4-0DCC8801AA5E}.Release|Any CPU.Build.0 = Release|Any CPU
		{7F82E143-5CAD-4A8A-8AFB-D2350061C8FC}.Debug|Any CPU.ActiveCfg = Debug|Any CPU
		{7F82E143-5CAD-4A8A-8AFB-D2350061C8FC}.Debug|Any CPU.Build.0 = Debug|Any CPU
		{7F82E143-5CAD-4A8A-8AFB-D2350061C8FC}.Release|Any CPU.ActiveCfg = Release|Any CPU
		{7F82E143-5CAD-4A8A-8AFB-D2350061C8FC}.Release|Any CPU.Build.0 = Release|Any CPU
		{F6CB5232-7A82-4111-9946-C5E0D493311A}.Debug|Any CPU.ActiveCfg = Debug|Any CPU
		{F6CB5232-7A82-4111-9946-C5E0D493311A}.Debug|Any CPU.Build.0 = Debug|Any CPU
		{F6CB5232-7A82-4111-9946-C5E0D493311A}.Release|Any CPU.ActiveCfg = Release|Any CPU
		{F6CB5232-7A82-4111-9946-C5E0D493311A}.Release|Any CPU.Build.0 = Release|Any CPU
		{810071BF-8521-404A-9619-5D09C13AF847}.Debug|Any CPU.ActiveCfg = Debug|Any CPU
		{810071BF-8521-404A-9619-5D09C13AF847}.Debug|Any CPU.Build.0 = Debug|Any CPU
		{810071BF-8521-404A-9619-5D09C13AF847}.Release|Any CPU.ActiveCfg = Release|Any CPU
		{810071BF-8521-404A-9619-5D09C13AF847}.Release|Any CPU.Build.0 = Release|Any CPU
		{76F4467D-F091-4EC1-A06D-9EFBD1E2C333}.Debug|Any CPU.ActiveCfg = Debug|Any CPU
		{76F4467D-F091-4EC1-A06D-9EFBD1E2C333}.Debug|Any CPU.Build.0 = Debug|Any CPU
		{76F4467D-F091-4EC1-A06D-9EFBD1E2C333}.Release|Any CPU.ActiveCfg = Release|Any CPU
		{76F4467D-F091-4EC1-A06D-9EFBD1E2C333}.Release|Any CPU.Build.0 = Release|Any CPU
	EndGlobalSection
	GlobalSection(SolutionProperties) = preSolution
		HideSolutionNode = FALSE
	EndGlobalSection
	GlobalSection(ExtensibilityGlobals) = postSolution
		SolutionGuid = {633872B3-FBB4-4147-8F52-11076B13CF46}
	EndGlobalSection
EndGlobal
